
Microsoft Visual Studio Solution File, Format Version 12.00
# Visual Studio Version 17
VisualStudioVersion = 17.0.31903.59
MinimumVisualStudioVersion = 10.0.40219.1
Project("{2150E333-8FDC-42A3-9474-1A3956D46DE8}") = "src", "src", "{827E0CD3-B72D-47B6-A68D-7590B98EB39B}"
EndProject
Project("{2150E333-8FDC-42A3-9474-1A3956D46DE8}") = "Modules", "Modules", "{EC447DCF-ABFA-6E24-52A5-D7FD48A5C558}"
EndProject
Project("{2150E333-8FDC-42A3-9474-1A3956D46DE8}") = "Buyer", "Buyer", "{4EB3D166-1D41-F095-987D-FB815848A2B3}"
EndProject
Project("{FAE04EC0-301F-11D3-BF4B-00C04F79EFBC}") = "Buyer.API", "src\Modules\Buyer\Buyer.API\Buyer.API.csproj", "{1CD1715A-2840-44CE-A3AD-D39CD8D729F5}"
EndProject
Project("{FAE04EC0-301F-11D3-BF4B-00C04F79EFBC}") = "Buyer.Application", "src\Modules\Buyer\Buyer.Application\Buyer.Application.csproj", "{274C5F9F-F3F2-4355-85DE-B3677A98628A}"
EndProject
Project("{FAE04EC0-301F-11D3-BF4B-00C04F79EFBC}") = "Buyer.Domain", "src\Modules\Buyer\Buyer.Domain\Buyer.Domain.csproj", "{F31E6B48-E43F-4C2B-A599-A25BC272BAFB}"
EndProject
Project("{FAE04EC0-301F-11D3-BF4B-00C04F79EFBC}") = "Buyer.Infrastructure", "src\Modules\Buyer\Buyer.Infrastructure\Buyer.Infrastructure.csproj", "{AD620781-05FB-4FCA-BEBA-85958376D0A1}"
EndProject
Project("{2150E333-8FDC-42A3-9474-1A3956D46DE8}") = "Supplier", "Supplier", "{75A68C1C-F50A-5A8D-2A26-E9120DD41CEE}"
EndProject
Project("{FAE04EC0-301F-11D3-BF4B-00C04F79EFBC}") = "Supplier.API", "src\Modules\Supplier\Supplier.API\Supplier.API.csproj", "{BB51F0A9-9BC2-47E2-AE50-7195D77FEE10}"
EndProject
Project("{FAE04EC0-301F-11D3-BF4B-00C04F79EFBC}") = "Supplier.Application", "src\Modules\Supplier\Supplier.Application\Supplier.Application.csproj", "{3DD2A685-20F2-46A6-8956-E71F8C49ABF1}"
EndProject
Project("{FAE04EC0-301F-11D3-BF4B-00C04F79EFBC}") = "Supplier.Domain", "src\Modules\Supplier\Supplier.Domain\Supplier.Domain.csproj", "{DDCE88F0-E401-4862-A9D8-1E8A7C0D8A93}"
EndProject
Project("{FAE04EC0-301F-11D3-BF4B-00C04F79EFBC}") = "Supplier.Infrastructure", "src\Modules\Supplier\Supplier.Infrastructure\Supplier.Infrastructure.csproj", "{06ACDEFE-26E9-480E-BEE3-A636F3DB320B}"
EndProject
Project("{2150E333-8FDC-42A3-9474-1A3956D46DE8}") = "Platform", "Platform", "{4DF80442-A1E5-CC28-AE7B-27B5F9BFE52B}"
EndProject
Project("{2150E333-8FDC-42A3-9474-1A3956D46DE8}") = "Identity", "Identity", "{2D7DC50E-42C2-D550-5AEB-77D76CA0AAAC}"
EndProject
Project("{FAE04EC0-301F-11D3-BF4B-00C04F79EFBC}") = "Identity.API", "src\Platform\Identity\Identity.API\Identity.API.csproj", "{7A989F88-0714-40BA-B76B-BA10027AC832}"
EndProject
Project("{FAE04EC0-301F-11D3-BF4B-00C04F79EFBC}") = "Identity.Application", "src\Platform\Identity\Identity.Application\Identity.Application.csproj", "{2F9F8BB8-5E9B-4673-85B3-88382C252EE2}"
EndProject
Project("{FAE04EC0-301F-11D3-BF4B-00C04F79EFBC}") = "Identity.Domain", "src\Platform\Identity\Identity.Domain\Identity.Domain.csproj", "{8A405B55-3D71-4A80-B112-97E30279E4AA}"
EndProject
Project("{FAE04EC0-301F-11D3-BF4B-00C04F79EFBC}") = "Identity.Infrastructure", "src\Platform\Identity\Identity.Infrastructure\Identity.Infrastructure.csproj", "{8362EB92-14A0-4379-B0B7-FFFBDD685587}"
EndProject
Project("{FAE04EC0-301F-11D3-BF4B-00C04F79EFBC}") = "SharedKernel", "src\Platform\SharedKernel\SharedKernel.csproj", "{59834E93-185E-4428-9FF3-2C679C2534AB}"
EndProject
Project("{2150E333-8FDC-42A3-9474-1A3956D46DE8}") = "MasterData", "MasterData", "{B0485CFE-4748-0206-2A8F-58A67C534C71}"
EndProject
Project("{FAE04EC0-301F-11D3-BF4B-00C04F79EFBC}") = "MasterData.API", "src\Platform\MasterData\MasterData.API\MasterData.API.csproj", "{0DCC5AB2-A1D3-499C-BF38-9EFFA8244022}"
EndProject
Project("{FAE04EC0-301F-11D3-BF4B-00C04F79EFBC}") = "MasterData.Infrastructure", "src\Platform\MasterData\MasterData.Infrastructure\MasterData.Infrastructure.csproj", "{ED001B17-6622-4EFB-8538-E174C10E695E}"
EndProject
Project("{FAE04EC0-301F-11D3-BF4B-00C04F79EFBC}") = "MasterData.Domain", "src\Platform\MasterData\MasterData.Domain\MasterData.Domain.csproj", "{243CC1C8-7761-4E3C-A5A4-22F6F124978F}"
EndProject
Project("{FAE04EC0-301F-11D3-BF4B-00C04F79EFBC}") = "MasterData.Application", "src\Platform\MasterData\MasterData.Application\MasterData.Application.csproj", "{00B3B8BA-71DA-4AC8-892F-80DCCF80C3AE}"
EndProject
Project("{2150E333-8FDC-42A3-9474-1A3956D46DE8}") = "Tests", "Tests", "{5A09DB80-58E1-4C9B-AF05-6C881B9739D2}"
EndProject
Project("{FAE04EC0-301F-11D3-BF4B-00C04F79EFBC}") = "Buyer.Tests", "src\Tests\Buyer.Tests\Buyer.Tests.csproj", "{6A8C6FC3-B8AE-4AE2-A2C7-3B9DFB3BDE6B}"
EndProject
Global
	GlobalSection(SolutionConfigurationPlatforms) = preSolution
		Debug|Any CPU = Debug|Any CPU
		Debug|x64 = Debug|x64
		Debug|x86 = Debug|x86
		Release|Any CPU = Release|Any CPU
		Release|x64 = Release|x64
		Release|x86 = Release|x86
	EndGlobalSection
	GlobalSection(ProjectConfigurationPlatforms) = postSolution
		{1CD1715A-2840-44CE-A3AD-D39CD8D729F5}.Debug|Any CPU.ActiveCfg = Debug|Any CPU
		{1CD1715A-2840-44CE-A3AD-D39CD8D729F5}.Debug|Any CPU.Build.0 = Debug|Any CPU
		{1CD1715A-2840-44CE-A3AD-D39CD8D729F5}.Debug|x64.ActiveCfg = Debug|Any CPU
		{1CD1715A-2840-44CE-A3AD-D39CD8D729F5}.Debug|x64.Build.0 = Debug|Any CPU
		{1CD1715A-2840-44CE-A3AD-D39CD8D729F5}.Debug|x86.ActiveCfg = Debug|Any CPU
		{1CD1715A-2840-44CE-A3AD-D39CD8D729F5}.Debug|x86.Build.0 = Debug|Any CPU
		{1CD1715A-2840-44CE-A3AD-D39CD8D729F5}.Release|Any CPU.ActiveCfg = Release|Any CPU
		{1CD1715A-2840-44CE-A3AD-D39CD8D729F5}.Release|Any CPU.Build.0 = Release|Any CPU
		{1CD1715A-2840-44CE-A3AD-D39CD8D729F5}.Release|x64.ActiveCfg = Release|Any CPU
		{1CD1715A-2840-44CE-A3AD-D39CD8D729F5}.Release|x64.Build.0 = Release|Any CPU
		{1CD1715A-2840-44CE-A3AD-D39CD8D729F5}.Release|x86.ActiveCfg = Release|Any CPU
		{1CD1715A-2840-44CE-A3AD-D39CD8D729F5}.Release|x86.Build.0 = Release|Any CPU
		{274C5F9F-F3F2-4355-85DE-B3677A98628A}.Debug|Any CPU.ActiveCfg = Debug|Any CPU
		{274C5F9F-F3F2-4355-85DE-B3677A98628A}.Debug|Any CPU.Build.0 = Debug|Any CPU
		{274C5F9F-F3F2-4355-85DE-B3677A98628A}.Debug|x64.ActiveCfg = Debug|Any CPU
		{274C5F9F-F3F2-4355-85DE-B3677A98628A}.Debug|x64.Build.0 = Debug|Any CPU
		{274C5F9F-F3F2-4355-85DE-B3677A98628A}.Debug|x86.ActiveCfg = Debug|Any CPU
		{274C5F9F-F3F2-4355-85DE-B3677A98628A}.Debug|x86.Build.0 = Debug|Any CPU
		{274C5F9F-F3F2-4355-85DE-B3677A98628A}.Release|Any CPU.ActiveCfg = Release|Any CPU
		{274C5F9F-F3F2-4355-85DE-B3677A98628A}.Release|Any CPU.Build.0 = Release|Any CPU
		{274C5F9F-F3F2-4355-85DE-B3677A98628A}.Release|x64.ActiveCfg = Release|Any CPU
		{274C5F9F-F3F2-4355-85DE-B3677A98628A}.Release|x64.Build.0 = Release|Any CPU
		{274C5F9F-F3F2-4355-85DE-B3677A98628A}.Release|x86.ActiveCfg = Release|Any CPU
		{274C5F9F-F3F2-4355-85DE-B3677A98628A}.Release|x86.Build.0 = Release|Any CPU
		{F31E6B48-E43F-4C2B-A599-A25BC272BAFB}.Debug|Any CPU.ActiveCfg = Debug|Any CPU
		{F31E6B48-E43F-4C2B-A599-A25BC272BAFB}.Debug|Any CPU.Build.0 = Debug|Any CPU
		{F31E6B48-E43F-4C2B-A599-A25BC272BAFB}.Debug|x64.ActiveCfg = Debug|Any CPU
		{F31E6B48-E43F-4C2B-A599-A25BC272BAFB}.Debug|x64.Build.0 = Debug|Any CPU
		{F31E6B48-E43F-4C2B-A599-A25BC272BAFB}.Debug|x86.ActiveCfg = Debug|Any CPU
		{F31E6B48-E43F-4C2B-A599-A25BC272BAFB}.Debug|x86.Build.0 = Debug|Any CPU
		{F31E6B48-E43F-4C2B-A599-A25BC272BAFB}.Release|Any CPU.ActiveCfg = Release|Any CPU
		{F31E6B48-E43F-4C2B-A599-A25BC272BAFB}.Release|Any CPU.Build.0 = Release|Any CPU
		{F31E6B48-E43F-4C2B-A599-A25BC272BAFB}.Release|x64.ActiveCfg = Release|Any CPU
		{F31E6B48-E43F-4C2B-A599-A25BC272BAFB}.Release|x64.Build.0 = Release|Any CPU
		{F31E6B48-E43F-4C2B-A599-A25BC272BAFB}.Release|x86.ActiveCfg = Release|Any CPU
		{F31E6B48-E43F-4C2B-A599-A25BC272BAFB}.Release|x86.Build.0 = Release|Any CPU
		{AD620781-05FB-4FCA-BEBA-85958376D0A1}.Debug|Any CPU.ActiveCfg = Debug|Any CPU
		{AD620781-05FB-4FCA-BEBA-85958376D0A1}.Debug|Any CPU.Build.0 = Debug|Any CPU
		{AD620781-05FB-4FCA-BEBA-85958376D0A1}.Debug|x64.ActiveCfg = Debug|Any CPU
		{AD620781-05FB-4FCA-BEBA-85958376D0A1}.Debug|x64.Build.0 = Debug|Any CPU
		{AD620781-05FB-4FCA-BEBA-85958376D0A1}.Debug|x86.ActiveCfg = Debug|Any CPU
		{AD620781-05FB-4FCA-BEBA-85958376D0A1}.Debug|x86.Build.0 = Debug|Any CPU
		{AD620781-05FB-4FCA-BEBA-85958376D0A1}.Release|Any CPU.ActiveCfg = Release|Any CPU
		{AD620781-05FB-4FCA-BEBA-85958376D0A1}.Release|Any CPU.Build.0 = Release|Any CPU
		{AD620781-05FB-4FCA-BEBA-85958376D0A1}.Release|x64.ActiveCfg = Release|Any CPU
		{AD620781-05FB-4FCA-BEBA-85958376D0A1}.Release|x64.Build.0 = Release|Any CPU
		{AD620781-05FB-4FCA-BEBA-85958376D0A1}.Release|x86.ActiveCfg = Release|Any CPU
		{AD620781-05FB-4FCA-BEBA-85958376D0A1}.Release|x86.Build.0 = Release|Any CPU
		{BB51F0A9-9BC2-47E2-AE50-7195D77FEE10}.Debug|Any CPU.ActiveCfg = Debug|Any CPU
		{BB51F0A9-9BC2-47E2-AE50-7195D77FEE10}.Debug|Any CPU.Build.0 = Debug|Any CPU
		{BB51F0A9-9BC2-47E2-AE50-7195D77FEE10}.Debug|x64.ActiveCfg = Debug|Any CPU
		{BB51F0A9-9BC2-47E2-AE50-7195D77FEE10}.Debug|x64.Build.0 = Debug|Any CPU
		{BB51F0A9-9BC2-47E2-AE50-7195D77FEE10}.Debug|x86.ActiveCfg = Debug|Any CPU
		{BB51F0A9-9BC2-47E2-AE50-7195D77FEE10}.Debug|x86.Build.0 = Debug|Any CPU
		{BB51F0A9-9BC2-47E2-AE50-7195D77FEE10}.Release|Any CPU.ActiveCfg = Release|Any CPU
		{BB51F0A9-9BC2-47E2-AE50-7195D77FEE10}.Release|Any CPU.Build.0 = Release|Any CPU
		{BB51F0A9-9BC2-47E2-AE50-7195D77FEE10}.Release|x64.ActiveCfg = Release|Any CPU
		{BB51F0A9-9BC2-47E2-AE50-7195D77FEE10}.Release|x64.Build.0 = Release|Any CPU
		{BB51F0A9-9BC2-47E2-AE50-7195D77FEE10}.Release|x86.ActiveCfg = Release|Any CPU
		{BB51F0A9-9BC2-47E2-AE50-7195D77FEE10}.Release|x86.Build.0 = Release|Any CPU
		{3DD2A685-20F2-46A6-8956-E71F8C49ABF1}.Debug|Any CPU.ActiveCfg = Debug|Any CPU
		{3DD2A685-20F2-46A6-8956-E71F8C49ABF1}.Debug|Any CPU.Build.0 = Debug|Any CPU
		{3DD2A685-20F2-46A6-8956-E71F8C49ABF1}.Debug|x64.ActiveCfg = Debug|Any CPU
		{3DD2A685-20F2-46A6-8956-E71F8C49ABF1}.Debug|x64.Build.0 = Debug|Any CPU
		{3DD2A685-20F2-46A6-8956-E71F8C49ABF1}.Debug|x86.ActiveCfg = Debug|Any CPU
		{3DD2A685-20F2-46A6-8956-E71F8C49ABF1}.Debug|x86.Build.0 = Debug|Any CPU
		{3DD2A685-20F2-46A6-8956-E71F8C49ABF1}.Release|Any CPU.ActiveCfg = Release|Any CPU
		{3DD2A685-20F2-46A6-8956-E71F8C49ABF1}.Release|Any CPU.Build.0 = Release|Any CPU
		{3DD2A685-20F2-46A6-8956-E71F8C49ABF1}.Release|x64.ActiveCfg = Release|Any CPU
		{3DD2A685-20F2-46A6-8956-E71F8C49ABF1}.Release|x64.Build.0 = Release|Any CPU
		{3DD2A685-20F2-46A6-8956-E71F8C49ABF1}.Release|x86.ActiveCfg = Release|Any CPU
		{3DD2A685-20F2-46A6-8956-E71F8C49ABF1}.Release|x86.Build.0 = Release|Any CPU
		{DDCE88F0-E401-4862-A9D8-1E8A7C0D8A93}.Debug|Any CPU.ActiveCfg = Debug|Any CPU
		{DDCE88F0-E401-4862-A9D8-1E8A7C0D8A93}.Debug|Any CPU.Build.0 = Debug|Any CPU
		{DDCE88F0-E401-4862-A9D8-1E8A7C0D8A93}.Debug|x64.ActiveCfg = Debug|Any CPU
		{DDCE88F0-E401-4862-A9D8-1E8A7C0D8A93}.Debug|x64.Build.0 = Debug|Any CPU
		{DDCE88F0-E401-4862-A9D8-1E8A7C0D8A93}.Debug|x86.ActiveCfg = Debug|Any CPU
		{DDCE88F0-E401-4862-A9D8-1E8A7C0D8A93}.Debug|x86.Build.0 = Debug|Any CPU
		{DDCE88F0-E401-4862-A9D8-1E8A7C0D8A93}.Release|Any CPU.ActiveCfg = Release|Any CPU
		{DDCE88F0-E401-4862-A9D8-1E8A7C0D8A93}.Release|Any CPU.Build.0 = Release|Any CPU
		{DDCE88F0-E401-4862-A9D8-1E8A7C0D8A93}.Release|x64.ActiveCfg = Release|Any CPU
		{DDCE88F0-E401-4862-A9D8-1E8A7C0D8A93}.Release|x64.Build.0 = Release|Any CPU
		{DDCE88F0-E401-4862-A9D8-1E8A7C0D8A93}.Release|x86.ActiveCfg = Release|Any CPU
		{DDCE88F0-E401-4862-A9D8-1E8A7C0D8A93}.Release|x86.Build.0 = Release|Any CPU
		{06ACDEFE-26E9-480E-BEE3-A636F3DB320B}.Debug|Any CPU.ActiveCfg = Debug|Any CPU
		{06ACDEFE-26E9-480E-BEE3-A636F3DB320B}.Debug|Any CPU.Build.0 = Debug|Any CPU
		{06ACDEFE-26E9-480E-BEE3-A636F3DB320B}.Debug|x64.ActiveCfg = Debug|Any CPU
		{06ACDEFE-26E9-480E-BEE3-A636F3DB320B}.Debug|x64.Build.0 = Debug|Any CPU
		{06ACDEFE-26E9-480E-BEE3-A636F3DB320B}.Debug|x86.ActiveCfg = Debug|Any CPU
		{06ACDEFE-26E9-480E-BEE3-A636F3DB320B}.Debug|x86.Build.0 = Debug|Any CPU
		{06ACDEFE-26E9-480E-BEE3-A636F3DB320B}.Release|Any CPU.ActiveCfg = Release|Any CPU
		{06ACDEFE-26E9-480E-BEE3-A636F3DB320B}.Release|Any CPU.Build.0 = Release|Any CPU
		{06ACDEFE-26E9-480E-BEE3-A636F3DB320B}.Release|x64.ActiveCfg = Release|Any CPU
		{06ACDEFE-26E9-480E-BEE3-A636F3DB320B}.Release|x64.Build.0 = Release|Any CPU
		{06ACDEFE-26E9-480E-BEE3-A636F3DB320B}.Release|x86.ActiveCfg = Release|Any CPU
		{06ACDEFE-26E9-480E-BEE3-A636F3DB320B}.Release|x86.Build.0 = Release|Any CPU
		{7A989F88-0714-40BA-B76B-BA10027AC832}.Debug|Any CPU.ActiveCfg = Debug|Any CPU
		{7A989F88-0714-40BA-B76B-BA10027AC832}.Debug|Any CPU.Build.0 = Debug|Any CPU
		{7A989F88-0714-40BA-B76B-BA10027AC832}.Debug|x64.ActiveCfg = Debug|Any CPU
		{7A989F88-0714-40BA-B76B-BA10027AC832}.Debug|x64.Build.0 = Debug|Any CPU
		{7A989F88-0714-40BA-B76B-BA10027AC832}.Debug|x86.ActiveCfg = Debug|Any CPU
		{7A989F88-0714-40BA-B76B-BA10027AC832}.Debug|x86.Build.0 = Debug|Any CPU
		{7A989F88-0714-40BA-B76B-BA10027AC832}.Release|Any CPU.ActiveCfg = Release|Any CPU
		{7A989F88-0714-40BA-B76B-BA10027AC832}.Release|Any CPU.Build.0 = Release|Any CPU
		{7A989F88-0714-40BA-B76B-BA10027AC832}.Release|x64.ActiveCfg = Release|Any CPU
		{7A989F88-0714-40BA-B76B-BA10027AC832}.Release|x64.Build.0 = Release|Any CPU
		{7A989F88-0714-40BA-B76B-BA10027AC832}.Release|x86.ActiveCfg = Release|Any CPU
		{7A989F88-0714-40BA-B76B-BA10027AC832}.Release|x86.Build.0 = Release|Any CPU
		{2F9F8BB8-5E9B-4673-85B3-88382C252EE2}.Debug|Any CPU.ActiveCfg = Debug|Any CPU
		{2F9F8BB8-5E9B-4673-85B3-88382C252EE2}.Debug|Any CPU.Build.0 = Debug|Any CPU
		{2F9F8BB8-5E9B-4673-85B3-88382C252EE2}.Debug|x64.ActiveCfg = Debug|Any CPU
		{2F9F8BB8-5E9B-4673-85B3-88382C252EE2}.Debug|x64.Build.0 = Debug|Any CPU
		{2F9F8BB8-5E9B-4673-85B3-88382C252EE2}.Debug|x86.ActiveCfg = Debug|Any CPU
		{2F9F8BB8-5E9B-4673-85B3-88382C252EE2}.Debug|x86.Build.0 = Debug|Any CPU
		{2F9F8BB8-5E9B-4673-85B3-88382C252EE2}.Release|Any CPU.ActiveCfg = Release|Any CPU
		{2F9F8BB8-5E9B-4673-85B3-88382C252EE2}.Release|Any CPU.Build.0 = Release|Any CPU
		{2F9F8BB8-5E9B-4673-85B3-88382C252EE2}.Release|x64.ActiveCfg = Release|Any CPU
		{2F9F8BB8-5E9B-4673-85B3-88382C252EE2}.Release|x64.Build.0 = Release|Any CPU
		{2F9F8BB8-5E9B-4673-85B3-88382C252EE2}.Release|x86.ActiveCfg = Release|Any CPU
		{2F9F8BB8-5E9B-4673-85B3-88382C252EE2}.Release|x86.Build.0 = Release|Any CPU
		{8A405B55-3D71-4A80-B112-97E30279E4AA}.Debug|Any CPU.ActiveCfg = Debug|Any CPU
		{8A405B55-3D71-4A80-B112-97E30279E4AA}.Debug|Any CPU.Build.0 = Debug|Any CPU
		{8A405B55-3D71-4A80-B112-97E30279E4AA}.Debug|x64.ActiveCfg = Debug|Any CPU
		{8A405B55-3D71-4A80-B112-97E30279E4AA}.Debug|x64.Build.0 = Debug|Any CPU
		{8A405B55-3D71-4A80-B112-97E30279E4AA}.Debug|x86.ActiveCfg = Debug|Any CPU
		{8A405B55-3D71-4A80-B112-97E30279E4AA}.Debug|x86.Build.0 = Debug|Any CPU
		{8A405B55-3D71-4A80-B112-97E30279E4AA}.Release|Any CPU.ActiveCfg = Release|Any CPU
		{8A405B55-3D71-4A80-B112-97E30279E4AA}.Release|Any CPU.Build.0 = Release|Any CPU
		{8A405B55-3D71-4A80-B112-97E30279E4AA}.Release|x64.ActiveCfg = Release|Any CPU
		{8A405B55-3D71-4A80-B112-97E30279E4AA}.Release|x64.Build.0 = Release|Any CPU
		{8A405B55-3D71-4A80-B112-97E30279E4AA}.Release|x86.ActiveCfg = Release|Any CPU
		{8A405B55-3D71-4A80-B112-97E30279E4AA}.Release|x86.Build.0 = Release|Any CPU
		{8362EB92-14A0-4379-B0B7-FFFBDD685587}.Debug|Any CPU.ActiveCfg = Debug|Any CPU
		{8362EB92-14A0-4379-B0B7-FFFBDD685587}.Debug|Any CPU.Build.0 = Debug|Any CPU
		{8362EB92-14A0-4379-B0B7-FFFBDD685587}.Debug|x64.ActiveCfg = Debug|Any CPU
		{8362EB92-14A0-4379-B0B7-FFFBDD685587}.Debug|x64.Build.0 = Debug|Any CPU
		{8362EB92-14A0-4379-B0B7-FFFBDD685587}.Debug|x86.ActiveCfg = Debug|Any CPU
		{8362EB92-14A0-4379-B0B7-FFFBDD685587}.Debug|x86.Build.0 = Debug|Any CPU
		{8362EB92-14A0-4379-B0B7-FFFBDD685587}.Release|Any CPU.ActiveCfg = Release|Any CPU
		{8362EB92-14A0-4379-B0B7-FFFBDD685587}.Release|Any CPU.Build.0 = Release|Any CPU
		{8362EB92-14A0-4379-B0B7-FFFBDD685587}.Release|x64.ActiveCfg = Release|Any CPU
		{8362EB92-14A0-4379-B0B7-FFFBDD685587}.Release|x64.Build.0 = Release|Any CPU
		{8362EB92-14A0-4379-B0B7-FFFBDD685587}.Release|x86.ActiveCfg = Release|Any CPU
		{8362EB92-14A0-4379-B0B7-FFFBDD685587}.Release|x86.Build.0 = Release|Any CPU
		{59834E93-185E-4428-9FF3-2C679C2534AB}.Debug|Any CPU.ActiveCfg = Debug|Any CPU
		{59834E93-185E-4428-9FF3-2C679C2534AB}.Debug|Any CPU.Build.0 = Debug|Any CPU
		{59834E93-185E-4428-9FF3-2C679C2534AB}.Debug|x64.ActiveCfg = Debug|Any CPU
		{59834E93-185E-4428-9FF3-2C679C2534AB}.Debug|x64.Build.0 = Debug|Any CPU
		{59834E93-185E-4428-9FF3-2C679C2534AB}.Debug|x86.ActiveCfg = Debug|Any CPU
		{59834E93-185E-4428-9FF3-2C679C2534AB}.Debug|x86.Build.0 = Debug|Any CPU
		{59834E93-185E-4428-9FF3-2C679C2534AB}.Release|Any CPU.ActiveCfg = Release|Any CPU
		{59834E93-185E-4428-9FF3-2C679C2534AB}.Release|Any CPU.Build.0 = Release|Any CPU
		{59834E93-185E-4428-9FF3-2C679C2534AB}.Release|x64.ActiveCfg = Release|Any CPU
		{59834E93-185E-4428-9FF3-2C679C2534AB}.Release|x64.Build.0 = Release|Any CPU
		{59834E93-185E-4428-9FF3-2C679C2534AB}.Release|x86.ActiveCfg = Release|Any CPU
		{59834E93-185E-4428-9FF3-2C679C2534AB}.Release|x86.Build.0 = Release|Any CPU
		{0DCC5AB2-A1D3-499C-BF38-9EFFA8244022}.Debug|Any CPU.ActiveCfg = Debug|Any CPU
		{0DCC5AB2-A1D3-499C-BF38-9EFFA8244022}.Debug|Any CPU.Build.0 = Debug|Any CPU
		{0DCC5AB2-A1D3-499C-BF38-9EFFA8244022}.Debug|x64.ActiveCfg = Debug|Any CPU
		{0DCC5AB2-A1D3-499C-BF38-9EFFA8244022}.Debug|x64.Build.0 = Debug|Any CPU
		{0DCC5AB2-A1D3-499C-BF38-9EFFA8244022}.Debug|x86.ActiveCfg = Debug|Any CPU
		{0DCC5AB2-A1D3-499C-BF38-9EFFA8244022}.Debug|x86.Build.0 = Debug|Any CPU
		{0DCC5AB2-A1D3-499C-BF38-9EFFA8244022}.Release|Any CPU.ActiveCfg = Release|Any CPU
		{0DCC5AB2-A1D3-499C-BF38-9EFFA8244022}.Release|Any CPU.Build.0 = Release|Any CPU
		{0DCC5AB2-A1D3-499C-BF38-9EFFA8244022}.Release|x64.ActiveCfg = Release|Any CPU
		{0DCC5AB2-A1D3-499C-BF38-9EFFA8244022}.Release|x64.Build.0 = Release|Any CPU
		{0DCC5AB2-A1D3-499C-BF38-9EFFA8244022}.Release|x86.ActiveCfg = Release|Any CPU
		{0DCC5AB2-A1D3-499C-BF38-9EFFA8244022}.Release|x86.Build.0 = Release|Any CPU
		{ED001B17-6622-4EFB-8538-E174C10E695E}.Debug|Any CPU.ActiveCfg = Debug|Any CPU
		{ED001B17-6622-4EFB-8538-E174C10E695E}.Debug|Any CPU.Build.0 = Debug|Any CPU
		{ED001B17-6622-4EFB-8538-E174C10E695E}.Debug|x64.ActiveCfg = Debug|Any CPU
		{ED001B17-6622-4EFB-8538-E174C10E695E}.Debug|x64.Build.0 = Debug|Any CPU
		{ED001B17-6622-4EFB-8538-E174C10E695E}.Debug|x86.ActiveCfg = Debug|Any CPU
		{ED001B17-6622-4EFB-8538-E174C10E695E}.Debug|x86.Build.0 = Debug|Any CPU
		{ED001B17-6622-4EFB-8538-E174C10E695E}.Release|Any CPU.ActiveCfg = Release|Any CPU
		{ED001B17-6622-4EFB-8538-E174C10E695E}.Release|Any CPU.Build.0 = Release|Any CPU
		{ED001B17-6622-4EFB-8538-E174C10E695E}.Release|x64.ActiveCfg = Release|Any CPU
		{ED001B17-6622-4EFB-8538-E174C10E695E}.Release|x64.Build.0 = Release|Any CPU
		{ED001B17-6622-4EFB-8538-E174C10E695E}.Release|x86.ActiveCfg = Release|Any CPU
		{ED001B17-6622-4EFB-8538-E174C10E695E}.Release|x86.Build.0 = Release|Any CPU
		{243CC1C8-7761-4E3C-A5A4-22F6F124978F}.Debug|Any CPU.ActiveCfg = Debug|Any CPU
		{243CC1C8-7761-4E3C-A5A4-22F6F124978F}.Debug|Any CPU.Build.0 = Debug|Any CPU
		{243CC1C8-7761-4E3C-A5A4-22F6F124978F}.Debug|x64.ActiveCfg = Debug|Any CPU
		{243CC1C8-7761-4E3C-A5A4-22F6F124978F}.Debug|x64.Build.0 = Debug|Any CPU
		{243CC1C8-7761-4E3C-A5A4-22F6F124978F}.Debug|x86.ActiveCfg = Debug|Any CPU
		{243CC1C8-7761-4E3C-A5A4-22F6F124978F}.Debug|x86.Build.0 = Debug|Any CPU
		{243CC1C8-7761-4E3C-A5A4-22F6F124978F}.Release|Any CPU.ActiveCfg = Release|Any CPU
		{243CC1C8-7761-4E3C-A5A4-22F6F124978F}.Release|Any CPU.Build.0 = Release|Any CPU
		{243CC1C8-7761-4E3C-A5A4-22F6F124978F}.Release|x64.ActiveCfg = Release|Any CPU
		{243CC1C8-7761-4E3C-A5A4-22F6F124978F}.Release|x64.Build.0 = Release|Any CPU
		{243CC1C8-7761-4E3C-A5A4-22F6F124978F}.Release|x86.ActiveCfg = Release|Any CPU
		{243CC1C8-7761-4E3C-A5A4-22F6F124978F}.Release|x86.Build.0 = Release|Any CPU
		{00B3B8BA-71DA-4AC8-892F-80DCCF80C3AE}.Debug|Any CPU.ActiveCfg = Debug|Any CPU
		{00B3B8BA-71DA-4AC8-892F-80DCCF80C3AE}.Debug|Any CPU.Build.0 = Debug|Any CPU
		{00B3B8BA-71DA-4AC8-892F-80DCCF80C3AE}.Debug|x64.ActiveCfg = Debug|Any CPU
		{00B3B8BA-71DA-4AC8-892F-80DCCF80C3AE}.Debug|x64.Build.0 = Debug|Any CPU
		{00B3B8BA-71DA-4AC8-892F-80DCCF80C3AE}.Debug|x86.ActiveCfg = Debug|Any CPU
		{00B3B8BA-71DA-4AC8-892F-80DCCF80C3AE}.Debug|x86.Build.0 = Debug|Any CPU
		{00B3B8BA-71DA-4AC8-892F-80DCCF80C3AE}.Release|Any CPU.ActiveCfg = Release|Any CPU
		{00B3B8BA-71DA-4AC8-892F-80DCCF80C3AE}.Release|Any CPU.Build.0 = Release|Any CPU
		{00B3B8BA-71DA-4AC8-892F-80DCCF80C3AE}.Release|x64.ActiveCfg = Release|Any CPU
		{00B3B8BA-71DA-4AC8-892F-80DCCF80C3AE}.Release|x64.Build.0 = Release|Any CPU
		{00B3B8BA-71DA-4AC8-892F-80DCCF80C3AE}.Release|x86.ActiveCfg = Release|Any CPU
		{00B3B8BA-71DA-4AC8-892F-80DCCF80C3AE}.Release|x86.Build.0 = Release|Any CPU
		{6A8C6FC3-B8AE-4AE2-A2C7-3B9DFB3BDE6B}.Debug|Any CPU.ActiveCfg = Debug|Any CPU
		{6A8C6FC3-B8AE-4AE2-A2C7-3B9DFB3BDE6B}.Debug|Any CPU.Build.0 = Debug|Any CPU
		{6A8C6FC3-B8AE-4AE2-A2C7-3B9DFB3BDE6B}.Debug|x64.ActiveCfg = Debug|Any CPU
		{6A8C6FC3-B8AE-4AE2-A2C7-3B9DFB3BDE6B}.Debug|x64.Build.0 = Debug|Any CPU
		{6A8C6FC3-B8AE-4AE2-A2C7-3B9DFB3BDE6B}.Debug|x86.ActiveCfg = Debug|Any CPU
		{6A8C6FC3-B8AE-4AE2-A2C7-3B9DFB3BDE6B}.Debug|x86.Build.0 = Debug|Any CPU
		{6A8C6FC3-B8AE-4AE2-A2C7-3B9DFB3BDE6B}.Release|Any CPU.ActiveCfg = Release|Any CPU
		{6A8C6FC3-B8AE-4AE2-A2C7-3B9DFB3BDE6B}.Release|Any CPU.Build.0 = Release|Any CPU
		{6A8C6FC3-B8AE-4AE2-A2C7-3B9DFB3BDE6B}.Release|x64.ActiveCfg = Release|Any CPU
		{6A8C6FC3-B8AE-4AE2-A2C7-3B9DFB3BDE6B}.Release|x64.Build.0 = Release|Any CPU
		{6A8C6FC3-B8AE-4AE2-A2C7-3B9DFB3BDE6B}.Release|x86.ActiveCfg = Release|Any CPU
		{6A8C6FC3-B8AE-4AE2-A2C7-3B9DFB3BDE6B}.Release|x86.Build.0 = Release|Any CPU
	EndGlobalSection
	GlobalSection(SolutionProperties) = preSolution
		HideSolutionNode = FALSE
	EndGlobalSection
	GlobalSection(NestedProjects) = preSolution
		{EC447DCF-ABFA-6E24-52A5-D7FD48A5C558} = {827E0CD3-B72D-47B6-A68D-7590B98EB39B}
		{4EB3D166-1D41-F095-987D-FB815848A2B3} = {EC447DCF-ABFA-6E24-52A5-D7FD48A5C558}
		{1CD1715A-2840-44CE-A3AD-D39CD8D729F5} = {4EB3D166-1D41-F095-987D-FB815848A2B3}
		{274C5F9F-F3F2-4355-85DE-B3677A98628A} = {4EB3D166-1D41-F095-987D-FB815848A2B3}
		{F31E6B48-E43F-4C2B-A599-A25BC272BAFB} = {4EB3D166-1D41-F095-987D-FB815848A2B3}
		{AD620781-05FB-4FCA-BEBA-85958376D0A1} = {4EB3D166-1D41-F095-987D-FB815848A2B3}
		{75A68C1C-F50A-5A8D-2A26-E9120DD41CEE} = {EC447DCF-ABFA-6E24-52A5-D7FD48A5C558}
		{BB51F0A9-9BC2-47E2-AE50-7195D77FEE10} = {75A68C1C-F50A-5A8D-2A26-E9120DD41CEE}
		{3DD2A685-20F2-46A6-8956-E71F8C49ABF1} = {75A68C1C-F50A-5A8D-2A26-E9120DD41CEE}
		{DDCE88F0-E401-4862-A9D8-1E8A7C0D8A93} = {75A68C1C-F50A-5A8D-2A26-E9120DD41CEE}
		{06ACDEFE-26E9-480E-BEE3-A636F3DB320B} = {75A68C1C-F50A-5A8D-2A26-E9120DD41CEE}
		{4DF80442-A1E5-CC28-AE7B-27B5F9BFE52B} = {827E0CD3-B72D-47B6-A68D-7590B98EB39B}
		{2D7DC50E-42C2-D550-5AEB-77D76CA0AAAC} = {4DF80442-A1E5-CC28-AE7B-27B5F9BFE52B}
		{7A989F88-0714-40BA-B76B-BA10027AC832} = {2D7DC50E-42C2-D550-5AEB-77D76CA0AAAC}
		{2F9F8BB8-5E9B-4673-85B3-88382C252EE2} = {2D7DC50E-42C2-D550-5AEB-77D76CA0AAAC}
		{8A405B55-3D71-4A80-B112-97E30279E4AA} = {2D7DC50E-42C2-D550-5AEB-77D76CA0AAAC}
		{8362EB92-14A0-4379-B0B7-FFFBDD685587} = {2D7DC50E-42C2-D550-5AEB-77D76CA0AAAC}
		{59834E93-185E-4428-9FF3-2C679C2534AB} = {4DF80442-A1E5-CC28-AE7B-27B5F9BFE52B}
		{B0485CFE-4748-0206-2A8F-58A67C534C71} = {4DF80442-A1E5-CC28-AE7B-27B5F9BFE52B}
		{0DCC5AB2-A1D3-499C-BF38-9EFFA8244022} = {B0485CFE-4748-0206-2A8F-58A67C534C71}
		{ED001B17-6622-4EFB-8538-E174C10E695E} = {B0485CFE-4748-0206-2A8F-58A67C534C71}
		{243CC1C8-7761-4E3C-A5A4-22F6F124978F} = {B0485CFE-4748-0206-2A8F-58A67C534C71}
		{00B3B8BA-71DA-4AC8-892F-80DCCF80C3AE} = {B0485CFE-4748-0206-2A8F-58A67C534C71}
		{6A8C6FC3-B8AE-4AE2-A2C7-3B9DFB3BDE6B} = {5A09DB80-58E1-4C9B-AF05-6C881B9739D2}
	EndGlobalSection
	GlobalSection(ExtensibilityGlobals) = postSolution
		SolutionGuid = {34E9EB2F-E465-4BEC-A99E-CC205FE097FD}
	EndGlobalSection
EndGlobal
